# This is a Gradle generated file for dependency locking.
# Manual edits can break the build and are not advised.
# This file is expected to be part of source control.
ch.qos.logback:logback-classic:1.3.5=allCodeCoverageReportClassDirectories
ch.qos.logback:logback-classic:1.5.18=aggregateCodeCoverageReportResults
ch.qos.logback:logback-core:1.3.5=allCodeCoverageReportClassDirectories
ch.qos.logback:logback-core:1.5.18=aggregateCodeCoverageReportResults
com.fasterxml.jackson.core:jackson-annotations:2.14.1=allCodeCoverageReportClassDirectories
com.fasterxml.jackson.core:jackson-annotations:2.19.1=aggregateCodeCoverageReportResults
com.fasterxml.jackson.core:jackson-core:2.14.1=allCodeCoverageReportClassDirectories
com.fasterxml.jackson.core:jackson-core:2.19.1=aggregateCodeCoverageReportResults
com.fasterxml.jackson.core:jackson-databind:2.14.1=allCodeCoverageReportClassDirectories
com.fasterxml.jackson.core:jackson-databind:2.19.1=aggregateCodeCoverageReportResults
com.fasterxml.jackson.datatype:jackson-datatype-jsr310:2.14.1=allCodeCoverageReportClassDirectories
com.fasterxml.jackson.datatype:jackson-datatype-jsr310:2.19.1=aggregateCodeCoverageReportResults
com.fasterxml.jackson:jackson-bom:2.14.1=allCodeCoverageReportClassDirectories
com.fasterxml.jackson:jackson-bom:2.19.1=aggregateCodeCoverageReportResults
com.h2database:h2:2.1.214=allCodeCoverageReportClassDirectories
com.h2database:h2:2.3.232=aggregateCodeCoverageReportResults
io.micrometer:micrometer-commons:1.14.8=aggregateCodeCoverageReportResults
io.micrometer:micrometer-observation:1.14.8=aggregateCodeCoverageReportResults
io.netty:netty-buffer:4.1.74.Final=default
io.netty:netty-buffer:4.1.87.Final=allCodeCoverageReportClassDirectories
io.netty:netty-buffer:4.2.2.Final=aggregateCodeCoverageReportResults,runtimeClasspath,testRuntimeClasspath
io.netty:netty-codec-base:4.2.2.Final=aggregateCodeCoverageReportResults,runtimeClasspath,testRuntimeClasspath
io.netty:netty-codec-compression:4.2.2.Final=aggregateCodeCoverageReportResults,runtimeClasspath,testRuntimeClasspath
io.netty:netty-codec-marshalling:4.2.2.Final=aggregateCodeCoverageReportResults,runtimeClasspath,testRuntimeClasspath
io.netty:netty-codec-protobuf:4.2.2.Final=aggregateCodeCoverageReportResults,runtimeClasspath,testRuntimeClasspath
io.netty:netty-codec:4.1.74.Final=default
io.netty:netty-codec:4.1.87.Final=allCodeCoverageReportClassDirectories
io.netty:netty-codec:4.2.2.Final=aggregateCodeCoverageReportResults,runtimeClasspath,testRuntimeClasspath
io.netty:netty-common:4.1.74.Final=default
io.netty:netty-common:4.1.87.Final=allCodeCoverageReportClassDirectories
io.netty:netty-common:4.2.2.Final=aggregateCodeCoverageReportResults,runtimeClasspath,testRuntimeClasspath
io.netty:netty-handler:4.1.74.Final=default
io.netty:netty-handler:4.1.87.Final=allCodeCoverageReportClassDirectories
io.netty:netty-handler:4.2.2.Final=aggregateCodeCoverageReportResults,runtimeClasspath,testRuntimeClasspath
io.netty:netty-resolver:4.1.74.Final=default
io.netty:netty-resolver:4.1.87.Final=allCodeCoverageReportClassDirectories
io.netty:netty-resolver:4.2.2.Final=aggregateCodeCoverageReportResults,runtimeClasspath,testRuntimeClasspath
io.netty:netty-tcnative-classes:2.0.48.Final=default
io.netty:netty-transport-native-unix-common:4.1.87.Final=allCodeCoverageReportClassDirectories
io.netty:netty-transport-native-unix-common:4.2.2.Final=aggregateCodeCoverageReportResults,runtimeClasspath,testRuntimeClasspath
io.netty:netty-transport:4.1.74.Final=default
io.netty:netty-transport:4.1.87.Final=allCodeCoverageReportClassDirectories
io.netty:netty-transport:4.2.2.Final=aggregateCodeCoverageReportResults,runtimeClasspath,testRuntimeClasspath
io.projectreactor:reactor-core:3.5.0=aggregateCodeCoverageReportResults,allCodeCoverageReportClassDirectories
net.bytebuddy:byte-buddy-agent:1.12.22=allCodeCoverageReportClassDirectories
net.bytebuddy:byte-buddy-agent:1.17.5=aggregateCodeCoverageReportResults
net.bytebuddy:byte-buddy:1.12.22=allCodeCoverageReportClassDirectories
net.bytebuddy:byte-buddy:1.17.5=aggregateCodeCoverageReportResults
org.assertj:assertj-core:3.24.2=allCodeCoverageReportClassDirectories
org.assertj:assertj-core:3.27.3=aggregateCodeCoverageReportResults
org.jacoco:org.jacoco.agent:0.8.13=jacocoAgent,jacocoAnt
org.jacoco:org.jacoco.ant:0.8.13=jacocoAnt
org.jacoco:org.jacoco.core:0.8.13=jacocoAnt
org.jacoco:org.jacoco.report:0.8.13=jacocoAnt
org.junit.jupiter:junit-jupiter-api:5.11.4=aggregateCodeCoverageReportResults
org.junit.jupiter:junit-jupiter-api:5.9.2=allCodeCoverageReportClassDirectories
org.junit.jupiter:junit-jupiter-engine:5.11.4=aggregateCodeCoverageReportResults
org.junit.jupiter:junit-jupiter-engine:5.9.2=allCodeCoverageReportClassDirectories
org.junit.jupiter:junit-jupiter-params:5.11.4=aggregateCodeCoverageReportResults
org.junit.jupiter:junit-jupiter-params:5.9.2=allCodeCoverageReportClassDirectories
org.junit.platform:junit-platform-commons:1.11.4=aggregateCodeCoverageReportResults
org.junit.platform:junit-platform-commons:1.9.2=allCodeCoverageReportClassDirectories
org.junit.platform:junit-platform-engine:1.11.4=aggregateCodeCoverageReportResults
org.junit.platform:junit-platform-engine:1.9.2=allCodeCoverageReportClassDirectories
org.junit:junit-bom:5.11.4=aggregateCodeCoverageReportResults
org.junit:junit-bom:5.9.2=allCodeCoverageReportClassDirectories
org.mockito:mockito-core:5.0.0=allCodeCoverageReportClassDirectories
org.mockito:mockito-core:5.18.0=aggregateCodeCoverageReportResults
org.mockito:mockito-junit-jupiter:5.0.0=allCodeCoverageReportClassDirectories
org.mockito:mockito-junit-jupiter:5.18.0=aggregateCodeCoverageReportResults
org.mongodb:bson-record-codec:4.8.2=allCodeCoverageReportClassDirectories
org.mongodb:bson-record-codec:5.5.1=aggregateCodeCoverageReportResults
org.mongodb:bson:4.8.2=allCodeCoverageReportClassDirectories
org.mongodb:bson:5.5.1=aggregateCodeCoverageReportResults
org.mongodb:mongo-java-driver:3.12.11=allCodeCoverageReportClassDirectories
org.mongodb:mongo-java-driver:3.12.14=aggregateCodeCoverageReportResults
org.mongodb:mongodb-driver-core:4.8.2=allCodeCoverageReportClassDirectories
org.mongodb:mongodb-driver-core:5.5.1=aggregateCodeCoverageReportResults
org.mongodb:mongodb-driver-reactivestreams:4.8.2=allCodeCoverageReportClassDirectories
org.mongodb:mongodb-driver-reactivestreams:5.5.1=aggregateCodeCoverageReportResults
org.mongodb:mongodb-driver-sync:4.8.2=allCodeCoverageReportClassDirectories
org.mongodb:mongodb-driver-sync:5.5.1=aggregateCodeCoverageReportResults
org.objenesis:objenesis:3.3=aggregateCodeCoverageReportResults,allCodeCoverageReportClassDirectories
org.opentest4j:opentest4j:1.2.0=allCodeCoverageReportClassDirectories
org.opentest4j:opentest4j:1.3.0=aggregateCodeCoverageReportResults
org.ow2.asm:asm-commons:9.8=jacocoAnt
org.ow2.asm:asm-tree:9.8=jacocoAnt
org.ow2.asm:asm:9.8=jacocoAnt
org.reactivestreams:reactive-streams:1.0.4=aggregateCodeCoverageReportResults,allCodeCoverageReportClassDirectories
org.slf4j:slf4j-api:1.7.36=default
org.slf4j:slf4j-api:2.0.17=aggregateCodeCoverageReportResults,runtimeClasspath,testRuntimeClasspath
org.slf4j:slf4j-api:2.0.6=allCodeCoverageReportClassDirectories
org.springframework.data:spring-data-commons:3.0.1=allCodeCoverageReportClassDirectories
org.springframework.data:spring-data-commons:3.5.1=aggregateCodeCoverageReportResults
org.springframework.data:spring-data-mongodb:4.0.1=allCodeCoverageReportClassDirectories
org.springframework.data:spring-data-mongodb:4.5.1=aggregateCodeCoverageReportResults
org.springframework:spring-aop:6.0.4=allCodeCoverageReportClassDirectories
org.springframework:spring-aop:6.2.8=aggregateCodeCoverageReportResults
org.springframework:spring-beans:6.0.4=allCodeCoverageReportClassDirectories
org.springframework:spring-beans:6.2.8=aggregateCodeCoverageReportResults
org.springframework:spring-context:6.0.4=allCodeCoverageReportClassDirectories
org.springframework:spring-context:6.2.8=aggregateCodeCoverageReportResults
org.springframework:spring-core:6.0.4=allCodeCoverageReportClassDirectories
org.springframework:spring-core:6.2.8=aggregateCodeCoverageReportResults
org.springframework:spring-expression:6.0.4=allCodeCoverageReportClassDirectories
org.springframework:spring-expression:6.2.8=aggregateCodeCoverageReportResults
org.springframework:spring-jcl:6.0.4=allCodeCoverageReportClassDirectories
org.springframework:spring-jcl:6.2.8=aggregateCodeCoverageReportResults
org.springframework:spring-test:6.0.4=allCodeCoverageReportClassDirectories
org.springframework:spring-test:6.2.8=aggregateCodeCoverageReportResults
org.springframework:spring-tx:6.0.4=allCodeCoverageReportClassDirectories
org.springframework:spring-tx:6.2.8=aggregateCodeCoverageReportResults
empty=annotationProcessor,archives,compile,compileClasspath,compileOnly,runtime,shadow,signatures,testAnnotationProcessor,testCompile,testCompileClasspath,testCompileOnly,testRuntime
