# This is a Gradle generated file for dependency locking.
# Manual edits can break the build and are not advised.
# This file is expected to be part of source control.
ch.qos.logback:logback-classic:1.2.11=allCodeCoverageReportClassDirectories
ch.qos.logback:logback-core:1.2.11=allCodeCoverageReportClassDirectories
com.fasterxml.jackson.core:jackson-annotations:2.13.3=allCodeCoverageReportClassDirectories
com.fasterxml.jackson.core:jackson-core:2.13.3=allCodeCoverageReportClassDirectories
com.fasterxml.jackson.core:jackson-databind:2.13.3=allCodeCoverageReportClassDirectories
com.fasterxml.jackson.datatype:jackson-datatype-jsr310:2.13.3=allCodeCoverageReportClassDirectories
com.fasterxml.jackson:jackson-bom:2.13.3=allCodeCoverageReportClassDirectories
com.h2database:h2:2.1.214=allCodeCoverageReportClassDirectories
io.netty:netty-buffer:4.1.74.Final=default
io.netty:netty-buffer:4.1.79.Final=allCodeCoverageReportClassDirectories,runtimeClasspath,testRuntimeClasspath
io.netty:netty-codec:4.1.74.Final=default
io.netty:netty-codec:4.1.79.Final=allCodeCoverageReportClassDirectories,runtimeClasspath,testRuntimeClasspath
io.netty:netty-common:4.1.74.Final=default
io.netty:netty-common:4.1.79.Final=allCodeCoverageReportClassDirectories,runtimeClasspath,testRuntimeClasspath
io.netty:netty-handler:4.1.74.Final=default
io.netty:netty-handler:4.1.79.Final=allCodeCoverageReportClassDirectories,runtimeClasspath,testRuntimeClasspath
io.netty:netty-resolver:4.1.74.Final=default
io.netty:netty-resolver:4.1.79.Final=allCodeCoverageReportClassDirectories,runtimeClasspath,testRuntimeClasspath
io.netty:netty-tcnative-classes:2.0.48.Final=default
io.netty:netty-transport-native-unix-common:4.1.79.Final=allCodeCoverageReportClassDirectories,runtimeClasspath,testRuntimeClasspath
io.netty:netty-transport:4.1.74.Final=default
io.netty:netty-transport:4.1.79.Final=allCodeCoverageReportClassDirectories,runtimeClasspath,testRuntimeClasspath
io.reactivex.rxjava2:rxjava:2.2.21=allCodeCoverageReportClassDirectories
net.bytebuddy:byte-buddy-agent:1.12.10=allCodeCoverageReportClassDirectories
net.bytebuddy:byte-buddy:1.12.10=allCodeCoverageReportClassDirectories
org.assertj:assertj-core:3.23.1=allCodeCoverageReportClassDirectories
org.jacoco:org.jacoco.agent:0.8.8=jacocoAgent,jacocoAnt
org.jacoco:org.jacoco.ant:0.8.8=jacocoAnt
org.jacoco:org.jacoco.core:0.8.8=jacocoAnt
org.jacoco:org.jacoco.report:0.8.8=jacocoAnt
org.junit.jupiter:junit-jupiter-api:5.8.2=allCodeCoverageReportClassDirectories
org.junit.jupiter:junit-jupiter-engine:5.8.2=allCodeCoverageReportClassDirectories
org.junit.jupiter:junit-jupiter-params:5.8.2=allCodeCoverageReportClassDirectories
org.junit.platform:junit-platform-commons:1.8.2=allCodeCoverageReportClassDirectories
org.junit.platform:junit-platform-engine:1.8.2=allCodeCoverageReportClassDirectories
org.junit:junit-bom:5.8.2=allCodeCoverageReportClassDirectories
org.mockito:mockito-core:4.6.1=allCodeCoverageReportClassDirectories
org.mockito:mockito-junit-jupiter:4.6.1=allCodeCoverageReportClassDirectories
org.mongodb:bson:3.12.2=allCodeCoverageReportClassDirectories
org.mongodb:mongo-java-driver:3.12.11=allCodeCoverageReportClassDirectories
org.mongodb:mongodb-driver-async:3.12.2=allCodeCoverageReportClassDirectories
org.mongodb:mongodb-driver-core:3.12.2=allCodeCoverageReportClassDirectories
org.mongodb:mongodb-driver-reactivestreams:1.13.1=allCodeCoverageReportClassDirectories
org.objenesis:objenesis:3.2=allCodeCoverageReportClassDirectories
org.opentest4j:opentest4j:1.2.0=allCodeCoverageReportClassDirectories
org.ow2.asm:asm-analysis:9.2=jacocoAnt
org.ow2.asm:asm-commons:9.2=jacocoAnt
org.ow2.asm:asm-tree:9.2=jacocoAnt
org.ow2.asm:asm:9.2=jacocoAnt
org.reactivestreams:reactive-streams:1.0.3=allCodeCoverageReportClassDirectories
org.slf4j:slf4j-api:1.7.36=allCodeCoverageReportClassDirectories,default,runtimeClasspath,testRuntimeClasspath
org.springframework.data:spring-data-commons:2.2.12.RELEASE=allCodeCoverageReportClassDirectories
org.springframework.data:spring-data-mongodb:2.2.12.RELEASE=allCodeCoverageReportClassDirectories
org.springframework:spring-aop:5.3.22=allCodeCoverageReportClassDirectories
org.springframework:spring-beans:5.3.22=allCodeCoverageReportClassDirectories
org.springframework:spring-context:5.3.22=allCodeCoverageReportClassDirectories
org.springframework:spring-core:5.3.22=allCodeCoverageReportClassDirectories
org.springframework:spring-expression:5.3.22=allCodeCoverageReportClassDirectories
org.springframework:spring-jcl:5.3.22=allCodeCoverageReportClassDirectories
org.springframework:spring-test:5.3.22=allCodeCoverageReportClassDirectories
org.springframework:spring-tx:5.2.12.RELEASE=allCodeCoverageReportClassDirectories
empty=annotationProcessor,archives,compile,compileClasspath,compileOnly,runtime,shadow,signatures,testAnnotationProcessor,testCompile,testCompileClasspath,testCompileOnly,testRuntime
