# This is a Gradle generated file for dependency locking.
# Manual edits can break the build and are not advised.
# This file is expected to be part of source control.
com.h2database:h2:1.4.200=compileClasspath,default,runtimeClasspath,testCompileClasspath,testRuntimeClasspath
io.netty:netty-buffer:4.1.56.Final=default,runtimeClasspath,testRuntimeClasspath
io.netty:netty-codec:4.1.56.Final=default,runtimeClasspath,testRuntimeClasspath
io.netty:netty-common:4.1.56.Final=default,runtimeClasspath,testRuntimeClasspath
io.netty:netty-handler:4.1.56.Final=default,runtimeClasspath,testRuntimeClasspath
io.netty:netty-resolver:4.1.56.Final=default,runtimeClasspath,testRuntimeClasspath
io.netty:netty-transport:4.1.56.Final=default,runtimeClasspath,testRuntimeClasspath
org.jacoco:org.jacoco.agent:0.8.6=jacocoAgent,jacocoAnt
org.jacoco:org.jacoco.ant:0.8.6=jacocoAnt
org.jacoco:org.jacoco.core:0.8.6=jacocoAnt
org.jacoco:org.jacoco.report:0.8.6=jacocoAnt
org.ow2.asm:asm-analysis:8.0.1=jacocoAnt
org.ow2.asm:asm-commons:8.0.1=jacocoAnt
org.ow2.asm:asm-tree:8.0.1=jacocoAnt
org.ow2.asm:asm:8.0.1=jacocoAnt
org.slf4j:slf4j-api:1.7.30=default,runtimeClasspath,testRuntimeClasspath
empty=annotationProcessor,archives,compile,compileOnly,runtime,shadow,signatures,testAnnotationProcessor,testCompile,testCompileOnly,testRuntime
