# This is a Gradle generated file for dependency locking.
# Manual edits can break the build and are not advised.
# This file is expected to be part of source control.
ch.qos.logback:logback-classic:1.2.3=testRuntimeClasspath
ch.qos.logback:logback-core:1.2.3=testRuntimeClasspath
com.h2database:h2:1.4.200=compileClasspath,default,runtimeClasspath,testCompileClasspath,testRuntimeClasspath
io.netty:netty-buffer:4.1.56.Final=compileClasspath,default,runtimeClasspath,testCompileClasspath,testRuntimeClasspath
io.netty:netty-codec:4.1.56.Final=compileClasspath,default,runtimeClasspath,testCompileClasspath,testRuntimeClasspath
io.netty:netty-common:4.1.56.Final=compileClasspath,default,runtimeClasspath,testCompileClasspath,testRuntimeClasspath
io.netty:netty-handler:4.1.56.Final=compileClasspath,default,runtimeClasspath,testCompileClasspath,testRuntimeClasspath
io.netty:netty-resolver:4.1.56.Final=compileClasspath,default,runtimeClasspath,testCompileClasspath,testRuntimeClasspath
io.netty:netty-transport:4.1.56.Final=compileClasspath,default,runtimeClasspath,testCompileClasspath,testRuntimeClasspath
net.bytebuddy:byte-buddy-agent:1.10.18=testCompileClasspath,testRuntimeClasspath
net.bytebuddy:byte-buddy:1.10.18=testCompileClasspath,testRuntimeClasspath
nl.jqno.equalsverifier:equalsverifier:3.5=testCompileClasspath,testRuntimeClasspath
org.apiguardian:apiguardian-api:1.1.0=testCompileClasspath,testRuntimeClasspath
org.assertj:assertj-core:3.18.1=testCompileClasspath,testRuntimeClasspath
org.jacoco:org.jacoco.agent:0.8.5=jacocoAgent,jacocoAnt
org.jacoco:org.jacoco.ant:0.8.5=jacocoAnt
org.jacoco:org.jacoco.core:0.8.5=jacocoAnt
org.jacoco:org.jacoco.report:0.8.5=jacocoAnt
org.junit.jupiter:junit-jupiter-api:5.7.0=testCompileClasspath,testRuntimeClasspath
org.junit.jupiter:junit-jupiter-engine:5.7.0=testRuntimeClasspath
org.junit.platform:junit-platform-commons:1.7.0=testCompileClasspath,testRuntimeClasspath
org.junit.platform:junit-platform-engine:1.7.0=testRuntimeClasspath
org.junit:junit-bom:5.7.0=testCompileClasspath,testRuntimeClasspath
org.mockito:mockito-core:3.6.28=testCompileClasspath,testRuntimeClasspath
org.mockito:mockito-junit-jupiter:3.6.28=testCompileClasspath,testRuntimeClasspath
org.mongodb:mongo-java-driver:3.12.7=testCompileClasspath,testRuntimeClasspath
org.objenesis:objenesis:3.1=testCompileClasspath,testRuntimeClasspath
org.opentest4j:opentest4j:1.2.0=testCompileClasspath,testRuntimeClasspath
org.ow2.asm:asm-analysis:7.2=jacocoAnt
org.ow2.asm:asm-commons:7.2=jacocoAnt
org.ow2.asm:asm-tree:7.2=jacocoAnt
org.ow2.asm:asm:7.2=jacocoAnt
org.slf4j:jcl-over-slf4j:1.7.30=testRuntimeClasspath
org.slf4j:slf4j-api:1.7.30=compileClasspath,default,runtimeClasspath,testCompileClasspath,testRuntimeClasspath
empty=annotationProcessor,archives,compile,compileOnly,runtime,signatures,testAnnotationProcessor,testCompile,testCompileOnly,testRuntime
