# This is a Gradle generated file for dependency locking.
# Manual edits can break the build and are not advised.
# This file is expected to be part of source control.
com.fasterxml.jackson.core:jackson-annotations:2.10.3
com.fasterxml.jackson.core:jackson-core:2.10.3
com.fasterxml.jackson.core:jackson-databind:2.10.3
com.fasterxml.jackson.datatype:jackson-datatype-jsr310:2.10.3
com.zaxxer:HikariCP:3.4.2
net.bytebuddy:byte-buddy-agent:1.10.5
net.bytebuddy:byte-buddy:1.10.5
org.apiguardian:apiguardian-api:1.1.0
org.assertj:assertj-core:3.15.0
org.junit.jupiter:junit-jupiter-api:5.6.1
org.junit.platform:junit-platform-commons:1.6.1
org.junit:junit-bom:5.6.1
org.mockito:mockito-core:3.3.3
org.mockito:mockito-junit-jupiter:3.3.3
org.mongodb:bson:3.12.0
org.mongodb:mongo-java-driver:3.12.2
org.mongodb:mongodb-driver-async:3.12.0
org.mongodb:mongodb-driver-core:3.12.0
org.mongodb:mongodb-driver-reactivestreams:1.13.0
org.objenesis:objenesis:2.6
org.opentest4j:opentest4j:1.2.0
org.reactivestreams:reactive-streams:1.0.3
org.slf4j:slf4j-api:1.7.30
org.springframework.data:spring-data-commons:2.2.6.RELEASE
org.springframework.data:spring-data-mongodb:2.2.6.RELEASE
org.springframework:spring-aop:5.2.5.RELEASE
org.springframework:spring-beans:5.2.5.RELEASE
org.springframework:spring-context:5.2.5.RELEASE
org.springframework:spring-core:5.2.5.RELEASE
org.springframework:spring-expression:5.2.5.RELEASE
org.springframework:spring-jcl:5.2.5.RELEASE
org.springframework:spring-test:5.2.5.RELEASE
org.springframework:spring-tx:5.2.5.RELEASE
