# This is a Gradle generated file for dependency locking.
# Manual edits can break the build and are not advised.
# This file is expected to be part of source control.
ch.qos.logback:logback-classic:1.2.3
ch.qos.logback:logback-core:1.2.3
io.netty:netty-buffer:4.1.48.Final
io.netty:netty-codec:4.1.48.Final
io.netty:netty-common:4.1.48.Final
io.netty:netty-handler:4.1.48.Final
io.netty:netty-resolver:4.1.48.Final
io.netty:netty-transport:4.1.48.Final
net.bytebuddy:byte-buddy-agent:1.10.5
net.bytebuddy:byte-buddy:1.10.5
nl.jqno.equalsverifier:equalsverifier:3.1.13
org.apiguardian:apiguardian-api:1.1.0
org.assertj:assertj-core:3.15.0
org.junit.jupiter:junit-jupiter-api:5.6.1
org.junit.jupiter:junit-jupiter-engine:5.6.1
org.junit.platform:junit-platform-commons:1.6.1
org.junit.platform:junit-platform-engine:1.6.1
org.junit:junit-bom:5.6.1
org.mockito:mockito-core:3.3.3
org.mockito:mockito-junit-jupiter:3.3.3
org.mongodb:mongo-java-driver:3.12.2
org.objenesis:objenesis:2.6
org.opentest4j:opentest4j:1.2.0
org.slf4j:jcl-over-slf4j:1.7.30
org.slf4j:slf4j-api:1.7.30
